%{
  "json_to_xml": {:hex, :json_to_xml, "0.4.1", "cd5bb6f67022671ad4d86098b5646733944d66c5c437e4f19d10c10fc13f4b86", [:mix], [{:poison, "~> 2.2 or ~> 3.0", [hex: :poison, repo: "hexpm", optional: false]}, {:xml_builder, "~>0.1.1", [hex: :xml_builder, repo: "hexpm", optional: false]}], "hexpm"},
  "poison": {:hex, :poison, "4.0.1", "bcb755a16fac91cad79bfe9fc3585bb07b9331e50cfe3420a24bcc2d735709ae", [:mix], [], "hexpm"},
  "xml_builder": {:hex, :xml_builder, "0.1.2", "b48ab9ed0a24f43a6061e0c21deda88b966a2121af5c445d4fc550dd822e23dc", [:mix], [], "hexpm"},
}
